// !$*UTF8*$!
{
	archiveVersion = 1;
	classes = {
	};
	objectVersion = 46;
	objects = {

/* Begin PBXBuildFile section */
		AD3130E31FD719F8001352E7 /* main.m in Sources */ = {isa = PBXBuildFile; fileRef = AD3130E21FD719F8001352E7 /* main.m */; };
		AD3130E61FD719F8001352E7 /* AppDelegate.m in Sources */ = {isa = PBXBuildFile; fileRef = AD3130E51FD719F8001352E7 /* AppDelegate.m */; };
		AD3130E91FD719F8001352E7 /* ViewController.m in Sources */ = {isa = PBXBuildFile; fileRef = AD3130E81FD719F8001352E7 /* ViewController.m */; };
		AD3130EC1FD719F8001352E7 /* Main.storyboard in Resources */ = {isa = PBXBuildFile; fileRef = AD3130EA1FD719F8001352E7 /* Main.storyboard */; };
		AD3130EE1FD719F8001352E7 /* Assets.xcassets in Resources */ = {isa = PBXBuildFile; fileRef = AD3130ED1FD719F8001352E7 /* Assets.xcassets */; };
		AD3130F11FD719F8001352E7 /* LaunchScreen.storyboard in Resources */ = {isa = PBXBuildFile; fileRef = AD3130EF1FD719F8001352E7 /* LaunchScreen.storyboard */; };
		AD3130FA1FD71A8F001352E7 /* ViewControllerResultado.m in Sources */ = {isa = PBXBuildFile; fileRef = AD3130F91FD71A8F001352E7 /* ViewControllerResultado.m */; };
/* End PBXBuildFile section */

/* Begin PBXFileReference section */
		AD3130DE1FD719F8001352E7 /* CaraCoroa.app */ = {isa = PBXFileReference; explicitFileType = wrapper.application; includeInIndex = 0; path = CaraCoroa.app; sourceTree = BUILT_PRODUCTS_DIR; };
		AD3130E21FD719F8001352E7 /* main.m */ = {isa = PBXFileReference; lastKnownFileType = sourcecode.c.objc; path = main.m; sourceTree = "<group>"; };
		AD3130E41FD719F8001352E7 /* AppDelegate.h */ = {isa = PBXFileReference; lastKnownFileType = sourcecode.c.h; path = AppDelegate.h; sourceTree = "<group>"; };
		AD3130E51FD719F8001352E7 /* AppDelegate.m */ = {isa = PBXFileReference; lastKnownFileType = sourcecode.c.objc; path = AppDelegate.m; sourceTree = "<group>"; };
		AD3130E71FD719F8001352E7 /* ViewController.h */ = {isa = PBXFileReference; lastKnownFileType = sourcecode.c.h; path = ViewController.h; sourceTree = "<group>"; };
		AD3130E81FD719F8001352E7 /* ViewController.m */ = {isa = PBXFileReference; lastKnownFileType = sourcecode.c.objc; path = ViewController.m; sourceTree = "<group>"; };
		AD3130EB1FD719F8001352E7 /* Base */ = {isa = PBXFileReference; lastKnownFileType = file.storyboard; name = Base; path = Base.lproj/Main.storyboard; sourceTree = "<group>"; };
		AD3130ED1FD719F8001352E7 /* Assets.xcassets */ = {isa = PBXFileReference; lastKnownFileType = folder.assetcatalog; path = Assets.xcassets; sourceTree = "<group>"; };
		AD3130F01FD719F8001352E7 /* Base */ = {isa = PBXFileReference; lastKnownFileType = file.storyboard; name = Base; path = Base.lproj/LaunchScreen.storyboard; sourceTree = "<group>"; };
		AD3130F21FD719F8001352E7 /* Info.plist */ = {isa = PBXFileReference; lastKnownFileType = text.plist.xml; path = Info.plist; sourceTree = "<group>"; };
		AD3130F81FD71A8F001352E7 /* ViewControllerResultado.h */ = {isa = PBXFileReference; fileEncoding = 4; lastKnownFileType = sourcecode.c.h; path = ViewControllerResultado.h; sourceTree = "<group>"; };
		AD3130F91FD71A8F001352E7 /* ViewControllerResultado.m */ = {isa = PBXFileReference; fileEncoding = 4; lastKnownFileType = sourcecode.c.objc; path = ViewControllerResultado.m; sourceTree = "<group>"; };
/* End PBXFileReference section */

/* Begin PBXFrameworksBuildPhase section */
		AD3130DB1FD719F8001352E7 /* Frameworks */ = {
			isa = PBXFrameworksBuildPhase;
			buildActionMask = 2147483647;
			files = (
			);
			runOnlyForDeploymentPostprocessing = 0;
		};
/* End PBXFrameworksBuildPhase section */

/* Begin PBXGroup section */
		AD3130D51FD719F8001352E7 = {
			isa = PBXGroup;
			children = (
				AD3130E01FD719F8001352E7 /* CaraCoroa */,
				AD3130DF1FD719F8001352E7 /* Products */,
			);
			sourceTree = "<group>";
		};
		AD3130DF1FD719F8001352E7 /* Products */ = {
			isa = PBXGroup;
			children = (
				AD3130DE1FD719F8001352E7 /* CaraCoroa.app */,
			);
			name = Products;
			sourceTree = "<group>";
		};
		AD3130E01FD719F8001352E7 /* CaraCoroa */ = {
			isa = PBXGroup;
			children = (
				AD3130E41FD719F8001352E7 /* AppDelegate.h */,
				AD3130E51FD719F8001352E7 /* AppDelegate.m */,
				AD3130E71FD719F8001352E7 /* ViewController.h */,
				AD3130E81FD719F8001352E7 /* ViewController.m */,
				AD3130F81FD71A8F001352E7 /* ViewControllerResultado.h */,
				AD3130F91FD71A8F001352E7 /* ViewControllerResultado.m */,
				AD3130EA1FD719F8001352E7 /* Main.storyboard */,
				AD3130ED1FD719F8001352E7 /* Assets.xcassets */,
				AD3130EF1FD719F8001352E7 /* LaunchScreen.storyboard */,
				AD3130F21FD719F8001352E7 /* Info.plist */,
				AD3130E11FD719F8001352E7 /* Supporting Files */,
			);
			path = CaraCoroa;
			sourceTree = "<group>";
		};
		AD3130E11FD719F8001352E7 /* Supporting Files */ = {
			isa = PBXGroup;
			children = (
				AD3130E21FD719F8001352E7 /* main.m */,
			);
			name = "Supporting Files";
			sourceTree = "<group>";
		};
/* End PBXGroup section */

/* Begin PBXNativeTarget section */
		AD3130DD1FD719F8001352E7 /* CaraCoroa */ = {
			isa = PBXNativeTarget;
			buildConfigurationList = AD3130F51FD719F8001352E7 /* Build configuration list for PBXNativeTarget "CaraCoroa" */;
			buildPhases = (
				AD3130DA1FD719F8001352E7 /* Sources */,
				AD3130DB1FD719F8001352E7 /* Frameworks */,
				AD3130DC1FD719F8001352E7 /* Resources */,
			);
			buildRules = (
			);
			dependencies = (
			);
			name = CaraCoroa;
			productName = CaraCoroa;
			productReference = AD3130DE1FD719F8001352E7 /* CaraCoroa.app */;
			productType = "com.apple.product-type.application";
		};
/* End PBXNativeTarget section */

/* Begin PBXProject section */
		AD3130D61FD719F8001352E7 /* Project object */ = {
			isa = PBXProject;
			attributes = {
				LastUpgradeCheck = 0830;
				ORGANIZATIONNAME = "Cast Group";
				TargetAttributes = {
					AD3130DD1FD719F8001352E7 = {
						CreatedOnToolsVersion = 8.3.3;
						ProvisioningStyle = Automatic;
					};
				};
			};
			buildConfigurationList = AD3130D91FD719F8001352E7 /* Build configuration list for PBXProject "CaraCoroa" */;
			compatibilityVersion = "Xcode 3.2";
			developmentRegion = English;
			hasScannedForEncodings = 0;
			knownRegions = (
				en,
				Base,
			);
			mainGroup = AD3130D51FD719F8001352E7;
			productRefGroup = AD3130DF1FD719F8001352E7 /* Products */;
			projectDirPath = "";
			projectRoot = "";
			targets = (
				AD3130DD1FD719F8001352E7 /* CaraCoroa */,
			);
		};
/* End PBXProject section */

/* Begin PBXResourcesBuildPhase section */
		AD3130DC1FD719F8001352E7 /* Resources */ = {
			isa = PBXResourcesBuildPhase;
			buildActionMask = 2147483647;
			files = (
				AD3130F11FD719F8001352E7 /* LaunchScreen.storyboard in Resources */,
				AD3130EE1FD719F8001352E7 /* Assets.xcassets in Resources */,
				AD3130EC1FD719F8001352E7 /* Main.storyboard in Resources */,
			);
			runOnlyForDeploymentPostprocessing = 0;
		};
/* End PBXResourcesBuildPhase section */

/* Begin PBXSourcesBuildPhase section */
		AD3130DA1FD719F8001352E7 /* Sources */ = {
			isa = PBXSourcesBuildPhase;
			buildActionMask = 2147483647;
			files = (
				AD3130E91FD719F8001352E7 /* ViewController.m in Sources */,
				AD3130E61FD719F8001352E7 /* AppDelegate.m in Sources */,
				AD3130FA1FD71A8F001352E7 /* ViewControllerResultado.m in Sources */,
				AD3130E31FD719F8001352E7 /* main.m in Sources */,
			);
			runOnlyForDeploymentPostprocessing = 0;
		};
/* End PBXSourcesBuildPhase section */

/* Begin PBXVariantGroup section */
		AD3130EA1FD719F8001352E7 /* Main.storyboard */ = {
			isa = PBXVariantGroup;
			children = (
				AD3130EB1FD719F8001352E7 /* Base */,
			);
			name = Main.storyboard;
			sourceTree = "<group>";
		};
		AD3130EF1FD719F8001352E7 /* LaunchScreen.storyboard */ = {
			isa = PBXVariantGroup;
			children = (
				AD3130F01FD719F8001352E7 /* Base */,
			);
			name = LaunchScreen.storyboard;
			sourceTree = "<group>";
		};
/* End PBXVariantGroup section */

/* Begin XCBuildConfiguration section */
		AD3130F31FD719F8001352E7 /* Debug */ = {
			isa = XCBuildConfiguration;
			buildSettings = {
				ALWAYS_SEARCH_USER_PATHS = NO;
				CLANG_ANALYZER_NONNULL = YES;
				CLANG_ANALYZER_NUMBER_OBJECT_CONVERSION = YES_AGGRESSIVE;
				CLANG_CXX_LANGUAGE_STANDARD = "gnu++0x";
				CLANG_CXX_LIBRARY = "libc++";
				CLANG_ENABLE_MODULES = YES;
				CLANG_ENABLE_OBJC_ARC = YES;
				CLANG_WARN_BOOL_CONVERSION = YES;
				CLANG_WARN_CONSTANT_CONVERSION = YES;
				CLANG_WARN_DIRECT_OBJC_ISA_USAGE = YES_ERROR;
				CLANG_WARN_DOCUMENTATION_COMMENTS = YES;
				CLANG_WARN_EMPTY_BODY = YES;
				CLANG_WARN_ENUM_CONVERSION = YES;
				CLANG_WARN_INFINITE_RECURSION = YES;
				CLANG_WARN_INT_CONVERSION = YES;
				CLANG_WARN_OBJC_ROOT_CLASS = YES_ERROR;
				CLANG_WARN_SUSPICIOUS_MOVE = YES;
				CLANG_WARN_UNREACHABLE_CODE = YES;
				CLANG_WARN__DUPLICATE_METHOD_MATCH = YES;
				"CODE_SIGN_IDENTITY[sdk=iphoneos*]" = "iPhone Developer";
				COPY_PHASE_STRIP = NO;
				DEBUG_INFORMATION_FORMAT = dwarf;
				ENABLE_STRICT_OBJC_MSGSEND = YES;
				ENABLE_TESTABILITY = YES;
				GCC_C_LANGUAGE_STANDARD = gnu99;
				GCC_DYNAMIC_NO_PIC = NO;
				GCC_NO_COMMON_BLOCKS = YES;
				GCC_OPTIMIZATION_LEVEL = 0;
				GCC_PREPROCESSOR_DEFINITIONS = (
					"DEBUG=1",
					"$(inherited)",
				);
				GCC_WARN_64_TO_32_BIT_CONVERSION = YES;
				GCC_WARN_ABOUT_RETURN_TYPE = YES_ERROR;
				GCC_WARN_UNDECLARED_SELECTOR = YES;
				GCC_WARN_UNINITIALIZED_AUTOS = YES_AGGRESSIVE;
				GCC_WARN_UNUSED_FUNCTION = YES;
				GCC_WARN_UNUSED_VARIABLE = YES;
				IPHONEOS_DEPLOYMENT_TARGET = 10.3;
				MTL_ENABLE_DEBUG_INFO = YES;
				ONLY_ACTIVE_ARCH = YES;
				SDKROOT = iphoneos;
			};
			name = Debug;
		};
		AD3130F41FD719F8001352E7 /* Release */ = {
			isa = XCBuildConfiguration;
			buildSettings = {
				ALWAYS_SEARCH_USER_PATHS = NO;
				CLANG_ANALYZER_NONNULL = YES;
				CLANG_ANALYZER_NUMBER_OBJECT_CONVERSION = YES_AGGRESSIVE;
				CLANG_CXX_LANGUAGE_STANDARD = "gnu++0x";
				CLANG_CXX_LIBRARY = "libc++";
				CLANG_ENABLE_MODULES = YES;
				CLANG_ENABLE_OBJC_ARC = YES;
				CLANG_WARN_BOOL_CONVERSION = YES;
				CLANG_WARN_CONSTANT_CONVERSION = YES;
				CLANG_WARN_DIRECT_OBJC_ISA_USAGE = YES_ERROR;
				CLANG_WARN_DOCUMENTATION_COMMENTS = YES;
				CLANG_WARN_EMPTY_BODY = YES;
				CLANG_WARN_ENUM_CONVERSION = YES;
				CLANG_WARN_INFINITE_RECURSION = YES;
				CLANG_WARN_INT_CONVERSION = YES;
				CLANG_WARN_OBJC_ROOT_CLASS = YES_ERROR;
				CLANG_WARN_SUSPICIOUS_MOVE = YES;
				CLANG_WARN_UNREACHABLE_CODE = YES;
				CLANG_WARN__DUPLICATE_METHOD_MATCH = YES;
				"CODE_SIGN_IDENTITY[sdk=iphoneos*]" = "iPhone Developer";
				COPY_PHASE_STRIP = NO;
				DEBUG_INFORMATION_FORMAT = "dwarf-with-dsym";
				ENABLE_NS_ASSERTIONS = NO;
				ENABLE_STRICT_OBJC_MSGSEND = YES;
				GCC_C_LANGUAGE_STANDARD = gnu99;
				GCC_NO_COMMON_BLOCKS = YES;
				GCC_WARN_64_TO_32_BIT_CONVERSION = YES;
				GCC_WARN_ABOUT_RETURN_TYPE = YES_ERROR;
				GCC_WARN_UNDECLARED_SELECTOR = YES;
				GCC_WARN_UNINITIALIZED_AUTOS = YES_AGGRESSIVE;
				GCC_WARN_UNUSED_FUNCTION = YES;
				GCC_WARN_UNUSED_VARIABLE = YES;
				IPHONEOS_DEPLOYMENT_TARGET = 10.3;
				MTL_ENABLE_DEBUG_INFO = NO;
				SDKROOT = iphoneos;
				VALIDATE_PRODUCT = YES;
			};
			name = Release;
		};
		AD3130F61FD719F8001352E7 /* Debug */ = {
			isa = XCBuildConfiguration;
			buildSettings = {
				ASSETCATALOG_COMPILER_APPICON_NAME = AppIcon;
				INFOPLIST_FILE = CaraCoroa/Info.plist;
				LD_RUNPATH_SEARCH_PATHS = "$(inherited) @executable_path/Frameworks";
				PRODUCT_BUNDLE_IDENTIFIER = br.com.castgroup.CaraCoroa;
				PRODUCT_NAME = "$(TARGET_NAME)";
			};
			name = Debug;
		};
		AD3130F71FD719F8001352E7 /* Release */ = {
			isa = XCBuildConfiguration;
			buildSettings = {
				ASSETCATALOG_COMPILER_APPICON_NAME = AppIcon;
				INFOPLIST_FILE = CaraCoroa/Info.plist;
				LD_RUNPATH_SEARCH_PATHS = "$(inherited) @executable_path/Frameworks";
				PRODUCT_BUNDLE_IDENTIFIER = br.com.castgroup.CaraCoroa;
				PRODUCT_NAME = "$(TARGET_NAME)";
			};
			name = Release;
		};
/* End XCBuildConfiguration section */

/* Begin XCConfigurationList section */
		AD3130D91FD719F8001352E7 /* Build configuration list for PBXProject "CaraCoroa" */ = {
			isa = XCConfigurationList;
			buildConfigurations = (
				AD3130F31FD719F8001352E7 /* Debug */,
				AD3130F41FD719F8001352E7 /* Release */,
			);
			defaultConfigurationIsVisible = 0;
			defaultConfigurationName = Release;
		};
		AD3130F51FD719F8001352E7 /* Build configuration list for PBXNativeTarget "CaraCoroa" */ = {
			isa = XCConfigurationList;
			buildConfigurations = (
				AD3130F61FD719F8001352E7 /* Debug */,
				AD3130F71FD719F8001352E7 /* Release */,
			);
			defaultConfigurationIsVisible = 0;
		};
/* End XCConfigurationList section */
	};
	rootObject = AD3130D61FD719F8001352E7 /* Project object */;
}
