// !$*UTF8*$!
{
	archiveVersion = 1;
	classes = {
	};
	objectVersion = 46;
	objects = {

/* Begin PBXBuildFile section */
		AD2243811FC753D800277F6E /* main.m in Sources */ = {isa = PBXBuildFile; fileRef = AD2243801FC753D800277F6E /* main.m */; };
		AD2243841FC753D800277F6E /* AppDelegate.m in Sources */ = {isa = PBXBuildFile; fileRef = AD2243831FC753D800277F6E /* AppDelegate.m */; };
		AD2243871FC753D800277F6E /* ViewController.m in Sources */ = {isa = PBXBuildFile; fileRef = AD2243861FC753D800277F6E /* ViewController.m */; };
		AD22438A1FC753D800277F6E /* Main.storyboard in Resources */ = {isa = PBXBuildFile; fileRef = AD2243881FC753D800277F6E /* Main.storyboard */; };
		AD22438C1FC753D800277F6E /* Assets.xcassets in Resources */ = {isa = PBXBuildFile; fileRef = AD22438B1FC753D800277F6E /* Assets.xcassets */; };
		AD22438F1FC753D800277F6E /* LaunchScreen.storyboard in Resources */ = {isa = PBXBuildFile; fileRef = AD22438D1FC753D800277F6E /* LaunchScreen.storyboard */; };
/* End PBXBuildFile section */

/* Begin PBXFileReference section */
		AD22437C1FC753D800277F6E /* Frases.app */ = {isa = PBXFileReference; explicitFileType = wrapper.application; includeInIndex = 0; path = Frases.app; sourceTree = BUILT_PRODUCTS_DIR; };
		AD2243801FC753D800277F6E /* main.m */ = {isa = PBXFileReference; lastKnownFileType = sourcecode.c.objc; path = main.m; sourceTree = "<group>"; };
		AD2243821FC753D800277F6E /* AppDelegate.h */ = {isa = PBXFileReference; lastKnownFileType = sourcecode.c.h; path = AppDelegate.h; sourceTree = "<group>"; };
		AD2243831FC753D800277F6E /* AppDelegate.m */ = {isa = PBXFileReference; lastKnownFileType = sourcecode.c.objc; path = AppDelegate.m; sourceTree = "<group>"; };
		AD2243851FC753D800277F6E /* ViewController.h */ = {isa = PBXFileReference; lastKnownFileType = sourcecode.c.h; path = ViewController.h; sourceTree = "<group>"; };
		AD2243861FC753D800277F6E /* ViewController.m */ = {isa = PBXFileReference; lastKnownFileType = sourcecode.c.objc; path = ViewController.m; sourceTree = "<group>"; };
		AD2243891FC753D800277F6E /* Base */ = {isa = PBXFileReference; lastKnownFileType = file.storyboard; name = Base; path = Base.lproj/Main.storyboard; sourceTree = "<group>"; };
		AD22438B1FC753D800277F6E /* Assets.xcassets */ = {isa = PBXFileReference; lastKnownFileType = folder.assetcatalog; path = Assets.xcassets; sourceTree = "<group>"; };
		AD22438E1FC753D800277F6E /* Base */ = {isa = PBXFileReference; lastKnownFileType = file.storyboard; name = Base; path = Base.lproj/LaunchScreen.storyboard; sourceTree = "<group>"; };
		AD2243901FC753D800277F6E /* Info.plist */ = {isa = PBXFileReference; lastKnownFileType = text.plist.xml; path = Info.plist; sourceTree = "<group>"; };
/* End PBXFileReference section */

/* Begin PBXFrameworksBuildPhase section */
		AD2243791FC753D800277F6E /* Frameworks */ = {
			isa = PBXFrameworksBuildPhase;
			buildActionMask = 2147483647;
			files = (
			);
			runOnlyForDeploymentPostprocessing = 0;
		};
/* End PBXFrameworksBuildPhase section */

/* Begin PBXGroup section */
		AD2243731FC753D800277F6E = {
			isa = PBXGroup;
			children = (
				AD22437E1FC753D800277F6E /* Frases */,
				AD22437D1FC753D800277F6E /* Products */,
			);
			sourceTree = "<group>";
		};
		AD22437D1FC753D800277F6E /* Products */ = {
			isa = PBXGroup;
			children = (
				AD22437C1FC753D800277F6E /* Frases.app */,
			);
			name = Products;
			sourceTree = "<group>";
		};
		AD22437E1FC753D800277F6E /* Frases */ = {
			isa = PBXGroup;
			children = (
				AD2243961FC7551900277F6E /* Classes */,
				AD2243821FC753D800277F6E /* AppDelegate.h */,
				AD2243831FC753D800277F6E /* AppDelegate.m */,
				AD2243851FC753D800277F6E /* ViewController.h */,
				AD2243861FC753D800277F6E /* ViewController.m */,
				AD2243881FC753D800277F6E /* Main.storyboard */,
				AD22438B1FC753D800277F6E /* Assets.xcassets */,
				AD22438D1FC753D800277F6E /* LaunchScreen.storyboard */,
				AD2243901FC753D800277F6E /* Info.plist */,
				AD22437F1FC753D800277F6E /* Supporting Files */,
			);
			path = Frases;
			sourceTree = "<group>";
		};
		AD22437F1FC753D800277F6E /* Supporting Files */ = {
			isa = PBXGroup;
			children = (
				AD2243801FC753D800277F6E /* main.m */,
			);
			name = "Supporting Files";
			sourceTree = "<group>";
		};
		AD2243961FC7551900277F6E /* Classes */ = {
			isa = PBXGroup;
			children = (
			);
			path = Classes;
			sourceTree = "<group>";
		};
/* End PBXGroup section */

/* Begin PBXNativeTarget section */
		AD22437B1FC753D800277F6E /* Frases */ = {
			isa = PBXNativeTarget;
			buildConfigurationList = AD2243931FC753D800277F6E /* Build configuration list for PBXNativeTarget "Frases" */;
			buildPhases = (
				AD2243781FC753D800277F6E /* Sources */,
				AD2243791FC753D800277F6E /* Frameworks */,
				AD22437A1FC753D800277F6E /* Resources */,
			);
			buildRules = (
			);
			dependencies = (
			);
			name = Frases;
			productName = Frases;
			productReference = AD22437C1FC753D800277F6E /* Frases.app */;
			productType = "com.apple.product-type.application";
		};
/* End PBXNativeTarget section */

/* Begin PBXProject section */
		AD2243741FC753D800277F6E /* Project object */ = {
			isa = PBXProject;
			attributes = {
				LastUpgradeCheck = 0830;
				ORGANIZATIONNAME = "Cast Group";
				TargetAttributes = {
					AD22437B1FC753D800277F6E = {
						CreatedOnToolsVersion = 8.3.3;
						ProvisioningStyle = Automatic;
					};
				};
			};
			buildConfigurationList = AD2243771FC753D800277F6E /* Build configuration list for PBXProject "Frases" */;
			compatibilityVersion = "Xcode 3.2";
			developmentRegion = English;
			hasScannedForEncodings = 0;
			knownRegions = (
				en,
				Base,
			);
			mainGroup = AD2243731FC753D800277F6E;
			productRefGroup = AD22437D1FC753D800277F6E /* Products */;
			projectDirPath = "";
			projectRoot = "";
			targets = (
				AD22437B1FC753D800277F6E /* Frases */,
			);
		};
/* End PBXProject section */

/* Begin PBXResourcesBuildPhase section */
		AD22437A1FC753D800277F6E /* Resources */ = {
			isa = PBXResourcesBuildPhase;
			buildActionMask = 2147483647;
			files = (
				AD22438F1FC753D800277F6E /* LaunchScreen.storyboard in Resources */,
				AD22438C1FC753D800277F6E /* Assets.xcassets in Resources */,
				AD22438A1FC753D800277F6E /* Main.storyboard in Resources */,
			);
			runOnlyForDeploymentPostprocessing = 0;
		};
/* End PBXResourcesBuildPhase section */

/* Begin PBXSourcesBuildPhase section */
		AD2243781FC753D800277F6E /* Sources */ = {
			isa = PBXSourcesBuildPhase;
			buildActionMask = 2147483647;
			files = (
				AD2243871FC753D800277F6E /* ViewController.m in Sources */,
				AD2243841FC753D800277F6E /* AppDelegate.m in Sources */,
				AD2243811FC753D800277F6E /* main.m in Sources */,
			);
			runOnlyForDeploymentPostprocessing = 0;
		};
/* End PBXSourcesBuildPhase section */

/* Begin PBXVariantGroup section */
		AD2243881FC753D800277F6E /* Main.storyboard */ = {
			isa = PBXVariantGroup;
			children = (
				AD2243891FC753D800277F6E /* Base */,
			);
			name = Main.storyboard;
			sourceTree = "<group>";
		};
		AD22438D1FC753D800277F6E /* LaunchScreen.storyboard */ = {
			isa = PBXVariantGroup;
			children = (
				AD22438E1FC753D800277F6E /* Base */,
			);
			name = LaunchScreen.storyboard;
			sourceTree = "<group>";
		};
/* End PBXVariantGroup section */

/* Begin XCBuildConfiguration section */
		AD2243911FC753D800277F6E /* Debug */ = {
			isa = XCBuildConfiguration;
			buildSettings = {
				ALWAYS_SEARCH_USER_PATHS = NO;
				CLANG_ANALYZER_NONNULL = YES;
				CLANG_ANALYZER_NUMBER_OBJECT_CONVERSION = YES_AGGRESSIVE;
				CLANG_CXX_LANGUAGE_STANDARD = "gnu++0x";
				CLANG_CXX_LIBRARY = "libc++";
				CLANG_ENABLE_MODULES = YES;
				CLANG_ENABLE_OBJC_ARC = YES;
				CLANG_WARN_BOOL_CONVERSION = YES;
				CLANG_WARN_CONSTANT_CONVERSION = YES;
				CLANG_WARN_DIRECT_OBJC_ISA_USAGE = YES_ERROR;
				CLANG_WARN_DOCUMENTATION_COMMENTS = YES;
				CLANG_WARN_EMPTY_BODY = YES;
				CLANG_WARN_ENUM_CONVERSION = YES;
				CLANG_WARN_INFINITE_RECURSION = YES;
				CLANG_WARN_INT_CONVERSION = YES;
				CLANG_WARN_OBJC_ROOT_CLASS = YES_ERROR;
				CLANG_WARN_SUSPICIOUS_MOVE = YES;
				CLANG_WARN_UNREACHABLE_CODE = YES;
				CLANG_WARN__DUPLICATE_METHOD_MATCH = YES;
				"CODE_SIGN_IDENTITY[sdk=iphoneos*]" = "iPhone Developer";
				COPY_PHASE_STRIP = NO;
				DEBUG_INFORMATION_FORMAT = dwarf;
				ENABLE_STRICT_OBJC_MSGSEND = YES;
				ENABLE_TESTABILITY = YES;
				GCC_C_LANGUAGE_STANDARD = gnu99;
				GCC_DYNAMIC_NO_PIC = NO;
				GCC_NO_COMMON_BLOCKS = YES;
				GCC_OPTIMIZATION_LEVEL = 0;
				GCC_PREPROCESSOR_DEFINITIONS = (
					"DEBUG=1",
					"$(inherited)",
				);
				GCC_WARN_64_TO_32_BIT_CONVERSION = YES;
				GCC_WARN_ABOUT_RETURN_TYPE = YES_ERROR;
				GCC_WARN_UNDECLARED_SELECTOR = YES;
				GCC_WARN_UNINITIALIZED_AUTOS = YES_AGGRESSIVE;
				GCC_WARN_UNUSED_FUNCTION = YES;
				GCC_WARN_UNUSED_VARIABLE = YES;
				IPHONEOS_DEPLOYMENT_TARGET = 10.3;
				MTL_ENABLE_DEBUG_INFO = YES;
				ONLY_ACTIVE_ARCH = YES;
				SDKROOT = iphoneos;
			};
			name = Debug;
		};
		AD2243921FC753D800277F6E /* Release */ = {
			isa = XCBuildConfiguration;
			buildSettings = {
				ALWAYS_SEARCH_USER_PATHS = NO;
				CLANG_ANALYZER_NONNULL = YES;
				CLANG_ANALYZER_NUMBER_OBJECT_CONVERSION = YES_AGGRESSIVE;
				CLANG_CXX_LANGUAGE_STANDARD = "gnu++0x";
				CLANG_CXX_LIBRARY = "libc++";
				CLANG_ENABLE_MODULES = YES;
				CLANG_ENABLE_OBJC_ARC = YES;
				CLANG_WARN_BOOL_CONVERSION = YES;
				CLANG_WARN_CONSTANT_CONVERSION = YES;
				CLANG_WARN_DIRECT_OBJC_ISA_USAGE = YES_ERROR;
				CLANG_WARN_DOCUMENTATION_COMMENTS = YES;
				CLANG_WARN_EMPTY_BODY = YES;
				CLANG_WARN_ENUM_CONVERSION = YES;
				CLANG_WARN_INFINITE_RECURSION = YES;
				CLANG_WARN_INT_CONVERSION = YES;
				CLANG_WARN_OBJC_ROOT_CLASS = YES_ERROR;
				CLANG_WARN_SUSPICIOUS_MOVE = YES;
				CLANG_WARN_UNREACHABLE_CODE = YES;
				CLANG_WARN__DUPLICATE_METHOD_MATCH = YES;
				"CODE_SIGN_IDENTITY[sdk=iphoneos*]" = "iPhone Developer";
				COPY_PHASE_STRIP = NO;
				DEBUG_INFORMATION_FORMAT = "dwarf-with-dsym";
				ENABLE_NS_ASSERTIONS = NO;
				ENABLE_STRICT_OBJC_MSGSEND = YES;
				GCC_C_LANGUAGE_STANDARD = gnu99;
				GCC_NO_COMMON_BLOCKS = YES;
				GCC_WARN_64_TO_32_BIT_CONVERSION = YES;
				GCC_WARN_ABOUT_RETURN_TYPE = YES_ERROR;
				GCC_WARN_UNDECLARED_SELECTOR = YES;
				GCC_WARN_UNINITIALIZED_AUTOS = YES_AGGRESSIVE;
				GCC_WARN_UNUSED_FUNCTION = YES;
				GCC_WARN_UNUSED_VARIABLE = YES;
				IPHONEOS_DEPLOYMENT_TARGET = 10.3;
				MTL_ENABLE_DEBUG_INFO = NO;
				SDKROOT = iphoneos;
				VALIDATE_PRODUCT = YES;
			};
			name = Release;
		};
		AD2243941FC753D800277F6E /* Debug */ = {
			isa = XCBuildConfiguration;
			buildSettings = {
				ASSETCATALOG_COMPILER_APPICON_NAME = AppIcon;
				INFOPLIST_FILE = Frases/Info.plist;
				LD_RUNPATH_SEARCH_PATHS = "$(inherited) @executable_path/Frameworks";
				PRODUCT_BUNDLE_IDENTIFIER = br.com.castgroup.Frases;
				PRODUCT_NAME = "$(TARGET_NAME)";
			};
			name = Debug;
		};
		AD2243951FC753D800277F6E /* Release */ = {
			isa = XCBuildConfiguration;
			buildSettings = {
				ASSETCATALOG_COMPILER_APPICON_NAME = AppIcon;
				INFOPLIST_FILE = Frases/Info.plist;
				LD_RUNPATH_SEARCH_PATHS = "$(inherited) @executable_path/Frameworks";
				PRODUCT_BUNDLE_IDENTIFIER = br.com.castgroup.Frases;
				PRODUCT_NAME = "$(TARGET_NAME)";
			};
			name = Release;
		};
/* End XCBuildConfiguration section */

/* Begin XCConfigurationList section */
		AD2243771FC753D800277F6E /* Build configuration list for PBXProject "Frases" */ = {
			isa = XCConfigurationList;
			buildConfigurations = (
				AD2243911FC753D800277F6E /* Debug */,
				AD2243921FC753D800277F6E /* Release */,
			);
			defaultConfigurationIsVisible = 0;
			defaultConfigurationName = Release;
		};
		AD2243931FC753D800277F6E /* Build configuration list for PBXNativeTarget "Frases" */ = {
			isa = XCConfigurationList;
			buildConfigurations = (
				AD2243941FC753D800277F6E /* Debug */,
				AD2243951FC753D800277F6E /* Release */,
			);
			defaultConfigurationIsVisible = 0;
		};
/* End XCConfigurationList section */
	};
	rootObject = AD2243741FC753D800277F6E /* Project object */;
}
