// !$*UTF8*$!
{
	archiveVersion = 1;
	classes = {
	};
	objectVersion = 46;
	objects = {

/* Begin PBXBuildFile section */
		AD2633201FEC4DBB005197C4 /* main.m in Sources */ = {isa = PBXBuildFile; fileRef = AD26331F1FEC4DBB005197C4 /* main.m */; };
		AD2633231FEC4DBB005197C4 /* AppDelegate.m in Sources */ = {isa = PBXBuildFile; fileRef = AD2633221FEC4DBB005197C4 /* AppDelegate.m */; };
		AD2633261FEC4DBB005197C4 /* ViewController.m in Sources */ = {isa = PBXBuildFile; fileRef = AD2633251FEC4DBB005197C4 /* ViewController.m */; };
		AD2633291FEC4DBB005197C4 /* Main.storyboard in Resources */ = {isa = PBXBuildFile; fileRef = AD2633271FEC4DBB005197C4 /* Main.storyboard */; };
		AD26332C1FEC4DBB005197C4 /* PrecoBitcoin.xcdatamodeld in Sources */ = {isa = PBXBuildFile; fileRef = AD26332A1FEC4DBB005197C4 /* PrecoBitcoin.xcdatamodeld */; };
		AD26332E1FEC4DBB005197C4 /* Assets.xcassets in Resources */ = {isa = PBXBuildFile; fileRef = AD26332D1FEC4DBB005197C4 /* Assets.xcassets */; };
		AD2633311FEC4DBB005197C4 /* LaunchScreen.storyboard in Resources */ = {isa = PBXBuildFile; fileRef = AD26332F1FEC4DBB005197C4 /* LaunchScreen.storyboard */; };
/* End PBXBuildFile section */

/* Begin PBXFileReference section */
		AD26331B1FEC4DBB005197C4 /* PrecoBitcoin.app */ = {isa = PBXFileReference; explicitFileType = wrapper.application; includeInIndex = 0; path = PrecoBitcoin.app; sourceTree = BUILT_PRODUCTS_DIR; };
		AD26331F1FEC4DBB005197C4 /* main.m */ = {isa = PBXFileReference; lastKnownFileType = sourcecode.c.objc; path = main.m; sourceTree = "<group>"; };
		AD2633211FEC4DBB005197C4 /* AppDelegate.h */ = {isa = PBXFileReference; lastKnownFileType = sourcecode.c.h; path = AppDelegate.h; sourceTree = "<group>"; };
		AD2633221FEC4DBB005197C4 /* AppDelegate.m */ = {isa = PBXFileReference; lastKnownFileType = sourcecode.c.objc; path = AppDelegate.m; sourceTree = "<group>"; };
		AD2633241FEC4DBB005197C4 /* ViewController.h */ = {isa = PBXFileReference; lastKnownFileType = sourcecode.c.h; path = ViewController.h; sourceTree = "<group>"; };
		AD2633251FEC4DBB005197C4 /* ViewController.m */ = {isa = PBXFileReference; lastKnownFileType = sourcecode.c.objc; path = ViewController.m; sourceTree = "<group>"; };
		AD2633281FEC4DBB005197C4 /* Base */ = {isa = PBXFileReference; lastKnownFileType = file.storyboard; name = Base; path = Base.lproj/Main.storyboard; sourceTree = "<group>"; };
		AD26332B1FEC4DBB005197C4 /* PrecoBitcoin.xcdatamodel */ = {isa = PBXFileReference; lastKnownFileType = wrapper.xcdatamodel; path = PrecoBitcoin.xcdatamodel; sourceTree = "<group>"; };
		AD26332D1FEC4DBB005197C4 /* Assets.xcassets */ = {isa = PBXFileReference; lastKnownFileType = folder.assetcatalog; path = Assets.xcassets; sourceTree = "<group>"; };
		AD2633301FEC4DBB005197C4 /* Base */ = {isa = PBXFileReference; lastKnownFileType = file.storyboard; name = Base; path = Base.lproj/LaunchScreen.storyboard; sourceTree = "<group>"; };
		AD2633321FEC4DBB005197C4 /* Info.plist */ = {isa = PBXFileReference; lastKnownFileType = text.plist.xml; path = Info.plist; sourceTree = "<group>"; };
/* End PBXFileReference section */

/* Begin PBXFrameworksBuildPhase section */
		AD2633181FEC4DBB005197C4 /* Frameworks */ = {
			isa = PBXFrameworksBuildPhase;
			buildActionMask = 2147483647;
			files = (
			);
			runOnlyForDeploymentPostprocessing = 0;
		};
/* End PBXFrameworksBuildPhase section */

/* Begin PBXGroup section */
		AD2633121FEC4DBB005197C4 = {
			isa = PBXGroup;
			children = (
				AD26331D1FEC4DBB005197C4 /* PrecoBitcoin */,
				AD26331C1FEC4DBB005197C4 /* Products */,
			);
			sourceTree = "<group>";
		};
		AD26331C1FEC4DBB005197C4 /* Products */ = {
			isa = PBXGroup;
			children = (
				AD26331B1FEC4DBB005197C4 /* PrecoBitcoin.app */,
			);
			name = Products;
			sourceTree = "<group>";
		};
		AD26331D1FEC4DBB005197C4 /* PrecoBitcoin */ = {
			isa = PBXGroup;
			children = (
				AD2633211FEC4DBB005197C4 /* AppDelegate.h */,
				AD2633221FEC4DBB005197C4 /* AppDelegate.m */,
				AD2633241FEC4DBB005197C4 /* ViewController.h */,
				AD2633251FEC4DBB005197C4 /* ViewController.m */,
				AD2633271FEC4DBB005197C4 /* Main.storyboard */,
				AD26332D1FEC4DBB005197C4 /* Assets.xcassets */,
				AD26332F1FEC4DBB005197C4 /* LaunchScreen.storyboard */,
				AD2633321FEC4DBB005197C4 /* Info.plist */,
				AD26332A1FEC4DBB005197C4 /* PrecoBitcoin.xcdatamodeld */,
				AD26331E1FEC4DBB005197C4 /* Supporting Files */,
			);
			path = PrecoBitcoin;
			sourceTree = "<group>";
		};
		AD26331E1FEC4DBB005197C4 /* Supporting Files */ = {
			isa = PBXGroup;
			children = (
				AD26331F1FEC4DBB005197C4 /* main.m */,
			);
			name = "Supporting Files";
			sourceTree = "<group>";
		};
/* End PBXGroup section */

/* Begin PBXNativeTarget section */
		AD26331A1FEC4DBB005197C4 /* PrecoBitcoin */ = {
			isa = PBXNativeTarget;
			buildConfigurationList = AD2633351FEC4DBB005197C4 /* Build configuration list for PBXNativeTarget "PrecoBitcoin" */;
			buildPhases = (
				AD2633171FEC4DBB005197C4 /* Sources */,
				AD2633181FEC4DBB005197C4 /* Frameworks */,
				AD2633191FEC4DBB005197C4 /* Resources */,
			);
			buildRules = (
			);
			dependencies = (
			);
			name = PrecoBitcoin;
			productName = PrecoBitcoin;
			productReference = AD26331B1FEC4DBB005197C4 /* PrecoBitcoin.app */;
			productType = "com.apple.product-type.application";
		};
/* End PBXNativeTarget section */

/* Begin PBXProject section */
		AD2633131FEC4DBB005197C4 /* Project object */ = {
			isa = PBXProject;
			attributes = {
				LastUpgradeCheck = 0830;
				ORGANIZATIONNAME = "Cast Group";
				TargetAttributes = {
					AD26331A1FEC4DBB005197C4 = {
						CreatedOnToolsVersion = 8.3.3;
						ProvisioningStyle = Automatic;
					};
				};
			};
			buildConfigurationList = AD2633161FEC4DBB005197C4 /* Build configuration list for PBXProject "PrecoBitcoin" */;
			compatibilityVersion = "Xcode 3.2";
			developmentRegion = English;
			hasScannedForEncodings = 0;
			knownRegions = (
				en,
				Base,
			);
			mainGroup = AD2633121FEC4DBB005197C4;
			productRefGroup = AD26331C1FEC4DBB005197C4 /* Products */;
			projectDirPath = "";
			projectRoot = "";
			targets = (
				AD26331A1FEC4DBB005197C4 /* PrecoBitcoin */,
			);
		};
/* End PBXProject section */

/* Begin PBXResourcesBuildPhase section */
		AD2633191FEC4DBB005197C4 /* Resources */ = {
			isa = PBXResourcesBuildPhase;
			buildActionMask = 2147483647;
			files = (
				AD2633311FEC4DBB005197C4 /* LaunchScreen.storyboard in Resources */,
				AD26332E1FEC4DBB005197C4 /* Assets.xcassets in Resources */,
				AD2633291FEC4DBB005197C4 /* Main.storyboard in Resources */,
			);
			runOnlyForDeploymentPostprocessing = 0;
		};
/* End PBXResourcesBuildPhase section */

/* Begin PBXSourcesBuildPhase section */
		AD2633171FEC4DBB005197C4 /* Sources */ = {
			isa = PBXSourcesBuildPhase;
			buildActionMask = 2147483647;
			files = (
				AD2633261FEC4DBB005197C4 /* ViewController.m in Sources */,
				AD2633231FEC4DBB005197C4 /* AppDelegate.m in Sources */,
				AD26332C1FEC4DBB005197C4 /* PrecoBitcoin.xcdatamodeld in Sources */,
				AD2633201FEC4DBB005197C4 /* main.m in Sources */,
			);
			runOnlyForDeploymentPostprocessing = 0;
		};
/* End PBXSourcesBuildPhase section */

/* Begin PBXVariantGroup section */
		AD2633271FEC4DBB005197C4 /* Main.storyboard */ = {
			isa = PBXVariantGroup;
			children = (
				AD2633281FEC4DBB005197C4 /* Base */,
			);
			name = Main.storyboard;
			sourceTree = "<group>";
		};
		AD26332F1FEC4DBB005197C4 /* LaunchScreen.storyboard */ = {
			isa = PBXVariantGroup;
			children = (
				AD2633301FEC4DBB005197C4 /* Base */,
			);
			name = LaunchScreen.storyboard;
			sourceTree = "<group>";
		};
/* End PBXVariantGroup section */

/* Begin XCBuildConfiguration section */
		AD2633331FEC4DBB005197C4 /* Debug */ = {
			isa = XCBuildConfiguration;
			buildSettings = {
				ALWAYS_SEARCH_USER_PATHS = NO;
				CLANG_ANALYZER_NONNULL = YES;
				CLANG_ANALYZER_NUMBER_OBJECT_CONVERSION = YES_AGGRESSIVE;
				CLANG_CXX_LANGUAGE_STANDARD = "gnu++0x";
				CLANG_CXX_LIBRARY = "libc++";
				CLANG_ENABLE_MODULES = YES;
				CLANG_ENABLE_OBJC_ARC = YES;
				CLANG_WARN_BOOL_CONVERSION = YES;
				CLANG_WARN_CONSTANT_CONVERSION = YES;
				CLANG_WARN_DIRECT_OBJC_ISA_USAGE = YES_ERROR;
				CLANG_WARN_DOCUMENTATION_COMMENTS = YES;
				CLANG_WARN_EMPTY_BODY = YES;
				CLANG_WARN_ENUM_CONVERSION = YES;
				CLANG_WARN_INFINITE_RECURSION = YES;
				CLANG_WARN_INT_CONVERSION = YES;
				CLANG_WARN_OBJC_ROOT_CLASS = YES_ERROR;
				CLANG_WARN_SUSPICIOUS_MOVE = YES;
				CLANG_WARN_UNREACHABLE_CODE = YES;
				CLANG_WARN__DUPLICATE_METHOD_MATCH = YES;
				"CODE_SIGN_IDENTITY[sdk=iphoneos*]" = "iPhone Developer";
				COPY_PHASE_STRIP = NO;
				DEBUG_INFORMATION_FORMAT = dwarf;
				ENABLE_STRICT_OBJC_MSGSEND = YES;
				ENABLE_TESTABILITY = YES;
				GCC_C_LANGUAGE_STANDARD = gnu99;
				GCC_DYNAMIC_NO_PIC = NO;
				GCC_NO_COMMON_BLOCKS = YES;
				GCC_OPTIMIZATION_LEVEL = 0;
				GCC_PREPROCESSOR_DEFINITIONS = (
					"DEBUG=1",
					"$(inherited)",
				);
				GCC_WARN_64_TO_32_BIT_CONVERSION = YES;
				GCC_WARN_ABOUT_RETURN_TYPE = YES_ERROR;
				GCC_WARN_UNDECLARED_SELECTOR = YES;
				GCC_WARN_UNINITIALIZED_AUTOS = YES_AGGRESSIVE;
				GCC_WARN_UNUSED_FUNCTION = YES;
				GCC_WARN_UNUSED_VARIABLE = YES;
				IPHONEOS_DEPLOYMENT_TARGET = 10.3;
				MTL_ENABLE_DEBUG_INFO = YES;
				ONLY_ACTIVE_ARCH = YES;
				SDKROOT = iphoneos;
			};
			name = Debug;
		};
		AD2633341FEC4DBB005197C4 /* Release */ = {
			isa = XCBuildConfiguration;
			buildSettings = {
				ALWAYS_SEARCH_USER_PATHS = NO;
				CLANG_ANALYZER_NONNULL = YES;
				CLANG_ANALYZER_NUMBER_OBJECT_CONVERSION = YES_AGGRESSIVE;
				CLANG_CXX_LANGUAGE_STANDARD = "gnu++0x";
				CLANG_CXX_LIBRARY = "libc++";
				CLANG_ENABLE_MODULES = YES;
				CLANG_ENABLE_OBJC_ARC = YES;
				CLANG_WARN_BOOL_CONVERSION = YES;
				CLANG_WARN_CONSTANT_CONVERSION = YES;
				CLANG_WARN_DIRECT_OBJC_ISA_USAGE = YES_ERROR;
				CLANG_WARN_DOCUMENTATION_COMMENTS = YES;
				CLANG_WARN_EMPTY_BODY = YES;
				CLANG_WARN_ENUM_CONVERSION = YES;
				CLANG_WARN_INFINITE_RECURSION = YES;
				CLANG_WARN_INT_CONVERSION = YES;
				CLANG_WARN_OBJC_ROOT_CLASS = YES_ERROR;
				CLANG_WARN_SUSPICIOUS_MOVE = YES;
				CLANG_WARN_UNREACHABLE_CODE = YES;
				CLANG_WARN__DUPLICATE_METHOD_MATCH = YES;
				"CODE_SIGN_IDENTITY[sdk=iphoneos*]" = "iPhone Developer";
				COPY_PHASE_STRIP = NO;
				DEBUG_INFORMATION_FORMAT = "dwarf-with-dsym";
				ENABLE_NS_ASSERTIONS = NO;
				ENABLE_STRICT_OBJC_MSGSEND = YES;
				GCC_C_LANGUAGE_STANDARD = gnu99;
				GCC_NO_COMMON_BLOCKS = YES;
				GCC_WARN_64_TO_32_BIT_CONVERSION = YES;
				GCC_WARN_ABOUT_RETURN_TYPE = YES_ERROR;
				GCC_WARN_UNDECLARED_SELECTOR = YES;
				GCC_WARN_UNINITIALIZED_AUTOS = YES_AGGRESSIVE;
				GCC_WARN_UNUSED_FUNCTION = YES;
				GCC_WARN_UNUSED_VARIABLE = YES;
				IPHONEOS_DEPLOYMENT_TARGET = 10.3;
				MTL_ENABLE_DEBUG_INFO = NO;
				SDKROOT = iphoneos;
				VALIDATE_PRODUCT = YES;
			};
			name = Release;
		};
		AD2633361FEC4DBB005197C4 /* Debug */ = {
			isa = XCBuildConfiguration;
			buildSettings = {
				ASSETCATALOG_COMPILER_APPICON_NAME = AppIcon;
				INFOPLIST_FILE = PrecoBitcoin/Info.plist;
				LD_RUNPATH_SEARCH_PATHS = "$(inherited) @executable_path/Frameworks";
				PRODUCT_BUNDLE_IDENTIFIER = br.com.castgroup.PrecoBitcoin;
				PRODUCT_NAME = "$(TARGET_NAME)";
			};
			name = Debug;
		};
		AD2633371FEC4DBB005197C4 /* Release */ = {
			isa = XCBuildConfiguration;
			buildSettings = {
				ASSETCATALOG_COMPILER_APPICON_NAME = AppIcon;
				INFOPLIST_FILE = PrecoBitcoin/Info.plist;
				LD_RUNPATH_SEARCH_PATHS = "$(inherited) @executable_path/Frameworks";
				PRODUCT_BUNDLE_IDENTIFIER = br.com.castgroup.PrecoBitcoin;
				PRODUCT_NAME = "$(TARGET_NAME)";
			};
			name = Release;
		};
/* End XCBuildConfiguration section */

/* Begin XCConfigurationList section */
		AD2633161FEC4DBB005197C4 /* Build configuration list for PBXProject "PrecoBitcoin" */ = {
			isa = XCConfigurationList;
			buildConfigurations = (
				AD2633331FEC4DBB005197C4 /* Debug */,
				AD2633341FEC4DBB005197C4 /* Release */,
			);
			defaultConfigurationIsVisible = 0;
			defaultConfigurationName = Release;
		};
		AD2633351FEC4DBB005197C4 /* Build configuration list for PBXNativeTarget "PrecoBitcoin" */ = {
			isa = XCConfigurationList;
			buildConfigurations = (
				AD2633361FEC4DBB005197C4 /* Debug */,
				AD2633371FEC4DBB005197C4 /* Release */,
			);
			defaultConfigurationIsVisible = 0;
		};
/* End XCConfigurationList section */

/* Begin XCVersionGroup section */
		AD26332A1FEC4DBB005197C4 /* PrecoBitcoin.xcdatamodeld */ = {
			isa = XCVersionGroup;
			children = (
				AD26332B1FEC4DBB005197C4 /* PrecoBitcoin.xcdatamodel */,
			);
			currentVersion = AD26332B1FEC4DBB005197C4 /* PrecoBitcoin.xcdatamodel */;
			path = PrecoBitcoin.xcdatamodeld;
			sourceTree = "<group>";
			versionGroupType = wrapper.xcdatamodel;
		};
/* End XCVersionGroup section */
	};
	rootObject = AD2633131FEC4DBB005197C4 /* Project object */;
}
